
Microsoft Visual Studio Solution File, Format Version 12.00
# Visual Studio Version 16
VisualStudioVersion = 16.0.29215.179
MinimumVisualStudioVersion = 10.0.40219.1
Project("{FAE04EC0-301F-11D3-BF4B-00C04F79EFBC}") = "InterviewAlgorithm", "InterviewAlgorithm\InterviewAlgorithm.csproj", "{716E7282-FD89-40AD-9D76-CA27A78CA84C}"
EndProject
Project("{FAE04EC0-301F-11D3-BF4B-00C04F79EFBC}") = "InterviewAlgorithm.Tests", "InterviewAlgorithm.Tests\InterviewAlgorithm.Tests.csproj", "{A366FDBD-5EC2-4FD5-A78E-B0ECA6439610}"
EndProject
Global
	GlobalSection(SolutionConfigurationPlatforms) = preSolution
		Debug|Any CPU = Debug|Any CPU
		Release|Any CPU = Release|Any CPU
	EndGlobalSection
	GlobalSection(ProjectConfigurationPlatforms) = postSolution
		{716E7282-FD89-40AD-9D76-CA27A78CA84C}.Debug|Any CPU.ActiveCfg = Debug|Any CPU
		{716E7282-FD89-40AD-9D76-CA27A78CA84C}.Debug|Any CPU.Build.0 = Debug|Any CPU
		{716E7282-FD89-40AD-9D76-CA27A78CA84C}.Release|Any CPU.ActiveCfg = Release|Any CPU
		{716E7282-FD89-40AD-9D76-CA27A78CA84C}.Release|Any CPU.Build.0 = Release|Any CPU
		{A366FDBD-5EC2-4FD5-A78E-B0ECA6439610}.Debug|Any CPU.ActiveCfg = Debug|Any CPU
		{A366FDBD-5EC2-4FD5-A78E-B0ECA6439610}.Debug|Any CPU.Build.0 = Debug|Any CPU
		{A366FDBD-5EC2-4FD5-A78E-B0ECA6439610}.Release|Any CPU.ActiveCfg = Release|Any CPU
		{A366FDBD-5EC2-4FD5-A78E-B0ECA6439610}.Release|Any CPU.Build.0 = Release|Any CPU
	EndGlobalSection
	GlobalSection(SolutionProperties) = preSolution
		HideSolutionNode = FALSE
	EndGlobalSection
	GlobalSection(ExtensibilityGlobals) = postSolution
		SolutionGuid = {38A75F16-0782-403B-8104-D48AF0CD03BF}
	EndGlobalSection
EndGlobal
